// !$*UTF8*$!
{
	archiveVersion = 1;
	classes = {
	};
	objectVersion = 46;
	objects = {

/* Begin PBXBuildFile section */
		8321EBDC19CCD0BD00035C92 /* desk.png in Resources */ = {isa = PBXBuildFile; fileRef = 8321EBDB19CCD0BC00035C92 /* desk.png */; };
		8321EBDF19CCD0D600035C92 /* Desk.m in Sources */ = {isa = PBXBuildFile; fileRef = 8321EBDE19CCD0D600035C92 /* Desk.m */; };
		8321EBE219CCD0EE00035C92 /* Desktop.m in Sources */ = {isa = PBXBuildFile; fileRef = 8321EBE119CCD0EE00035C92 /* Desktop.m */; };
		8321EBE419CCD6BE00035C92 /* computer.png in Resources */ = {isa = PBXBuildFile; fileRef = 8321EBE319CCD6BE00035C92 /* computer.png */; };
		8321EBE719D1C99100035C92 /* MainMenu.m in Sources */ = {isa = PBXBuildFile; fileRef = 8321EBE619D1C99100035C92 /* MainMenu.m */; };
		8321EBEA19D2568C00035C92 /* rightDoor.png in Resources */ = {isa = PBXBuildFile; fileRef = 8321EBE819D2568C00035C92 /* rightDoor.png */; };
		8321EBEB19D2568C00035C92 /* leftDoor.png in Resources */ = {isa = PBXBuildFile; fileRef = 8321EBE919D2568C00035C92 /* leftDoor.png */; };
		8327A41C19D2AECB00DDD558 /* MCManager.m in Sources */ = {isa = PBXBuildFile; fileRef = 8327A41B19D2AECB00DDD558 /* MCManager.m */; };
		8327A41F19D2BB2700DDD558 /* HostingScene.m in Sources */ = {isa = PBXBuildFile; fileRef = 8327A41E19D2BB2700DDD558 /* HostingScene.m */; };
		8327A42219D2BD6C00DDD558 /* NonHostScene.m in Sources */ = {isa = PBXBuildFile; fileRef = 8327A42119D2BD6C00DDD558 /* NonHostScene.m */; };
		8343A4D519D260520010F823 /* PeerLobbyViewController.m in Sources */ = {isa = PBXBuildFile; fileRef = 8343A4D419D260520010F823 /* PeerLobbyViewController.m */; };
		8343A4D719D262610010F823 /* MultipeerConnectivity.framework in Frameworks */ = {isa = PBXBuildFile; fileRef = 8343A4D619D262610010F823 /* MultipeerConnectivity.framework */; };
		835D035519CA191D00BCA3F0 /* Foundation.framework in Frameworks */ = {isa = PBXBuildFile; fileRef = 835D035419CA191D00BCA3F0 /* Foundation.framework */; };
		835D035719CA191D00BCA3F0 /* CoreGraphics.framework in Frameworks */ = {isa = PBXBuildFile; fileRef = 835D035619CA191D00BCA3F0 /* CoreGraphics.framework */; };
		835D035919CA191D00BCA3F0 /* UIKit.framework in Frameworks */ = {isa = PBXBuildFile; fileRef = 835D035819CA191D00BCA3F0 /* UIKit.framework */; };
		835D035B19CA191D00BCA3F0 /* SpriteKit.framework in Frameworks */ = {isa = PBXBuildFile; fileRef = 835D035A19CA191D00BCA3F0 /* SpriteKit.framework */; };
		835D036119CA191D00BCA3F0 /* InfoPlist.strings in Resources */ = {isa = PBXBuildFile; fileRef = 835D035F19CA191D00BCA3F0 /* InfoPlist.strings */; };
		835D036319CA191D00BCA3F0 /* main.m in Sources */ = {isa = PBXBuildFile; fileRef = 835D036219CA191D00BCA3F0 /* main.m */; };
		835D036719CA191D00BCA3F0 /* AppDelegate.m in Sources */ = {isa = PBXBuildFile; fileRef = 835D036619CA191D00BCA3F0 /* AppDelegate.m */; };
		835D036A19CA191D00BCA3F0 /* Main.storyboard in Resources */ = {isa = PBXBuildFile; fileRef = 835D036819CA191D00BCA3F0 /* Main.storyboard */; };
		835D036D19CA191D00BCA3F0 /* ViewController.m in Sources */ = {isa = PBXBuildFile; fileRef = 835D036C19CA191D00BCA3F0 /* ViewController.m */; };
		835D037019CA191D00BCA3F0 /* MyScene.m in Sources */ = {isa = PBXBuildFile; fileRef = 835D036F19CA191D00BCA3F0 /* MyScene.m */; };
		835D037219CA191D00BCA3F0 /* Spaceship.png in Resources */ = {isa = PBXBuildFile; fileRef = 835D037119CA191D00BCA3F0 /* Spaceship.png */; };
		835D037419CA191D00BCA3F0 /* Images.xcassets in Resources */ = {isa = PBXBuildFile; fileRef = 835D037319CA191D00BCA3F0 /* Images.xcassets */; };
		835D037B19CA191D00BCA3F0 /* XCTest.framework in Frameworks */ = {isa = PBXBuildFile; fileRef = 835D037A19CA191D00BCA3F0 /* XCTest.framework */; };
		835D037C19CA191D00BCA3F0 /* Foundation.framework in Frameworks */ = {isa = PBXBuildFile; fileRef = 835D035419CA191D00BCA3F0 /* Foundation.framework */; };
		835D037D19CA191D00BCA3F0 /* UIKit.framework in Frameworks */ = {isa = PBXBuildFile; fileRef = 835D035819CA191D00BCA3F0 /* UIKit.framework */; };
		835D038519CA191D00BCA3F0 /* InfoPlist.strings in Resources */ = {isa = PBXBuildFile; fileRef = 835D038319CA191D00BCA3F0 /* InfoPlist.strings */; };
		835D038719CA191D00BCA3F0 /* Computer_Lab_Zombie_ShooterTests.m in Sources */ = {isa = PBXBuildFile; fileRef = 835D038619CA191D00BCA3F0 /* Computer_Lab_Zombie_ShooterTests.m */; };
		835D039219CB4B9600BCA3F0 /* Player.m in Sources */ = {isa = PBXBuildFile; fileRef = 835D039119CB4B9600BCA3F0 /* Player.m */; };
		835D039419CB4C2100BCA3F0 /* blank_sprite.png in Resources */ = {isa = PBXBuildFile; fileRef = 835D039319CB4C2100BCA3F0 /* blank_sprite.png */; };
		835D039619CB997500BCA3F0 /* laser.png in Resources */ = {isa = PBXBuildFile; fileRef = 835D039519CB997500BCA3F0 /* laser.png */; };
		835D039919CB999500BCA3F0 /* laser.m in Sources */ = {isa = PBXBuildFile; fileRef = 835D039819CB999500BCA3F0 /* laser.m */; };
		835D039B19CBA0DC00BCA3F0 /* player_sprite.png in Resources */ = {isa = PBXBuildFile; fileRef = 835D039A19CBA0DC00BCA3F0 /* player_sprite.png */; };
		835D039D19CBA4EA00BCA3F0 /* floor.png in Resources */ = {isa = PBXBuildFile; fileRef = 835D039C19CBA4EA00BCA3F0 /* floor.png */; };
		835D03A019CBA66200BCA3F0 /* Zombie.m in Sources */ = {isa = PBXBuildFile; fileRef = 835D039F19CBA66200BCA3F0 /* Zombie.m */; };
		835D03A219CBA76B00BCA3F0 /* zombie_yellow_shirt.png in Resources */ = {isa = PBXBuildFile; fileRef = 835D03A119CBA76B00BCA3F0 /* zombie_yellow_shirt.png */; };
		835D03A419CBA77200BCA3F0 /* zombie_red_shirt.png in Resources */ = {isa = PBXBuildFile; fileRef = 835D03A319CBA77200BCA3F0 /* zombie_red_shirt.png */; };
/* End PBXBuildFile section */

/* Begin PBXContainerItemProxy section */
		835D037E19CA191D00BCA3F0 /* PBXContainerItemProxy */ = {
			isa = PBXContainerItemProxy;
			containerPortal = 835D034919CA191D00BCA3F0 /* Project object */;
			proxyType = 1;
			remoteGlobalIDString = 835D035019CA191D00BCA3F0;
			remoteInfo = "Computer Lab Zombie Shooter";
		};
/* End PBXContainerItemProxy section */

/* Begin PBXFileReference section */
		8321EBDB19CCD0BC00035C92 /* desk.png */ = {isa = PBXFileReference; lastKnownFileType = image.png; path = desk.png; sourceTree = "<group>"; };
		8321EBDD19CCD0D600035C92 /* Desk.h */ = {isa = PBXFileReference; fileEncoding = 4; lastKnownFileType = sourcecode.c.h; path = Desk.h; sourceTree = "<group>"; };
		8321EBDE19CCD0D600035C92 /* Desk.m */ = {isa = PBXFileReference; fileEncoding = 4; lastKnownFileType = sourcecode.c.objc; path = Desk.m; sourceTree = "<group>"; };
		8321EBE019CCD0EE00035C92 /* Desktop.h */ = {isa = PBXFileReference; fileEncoding = 4; lastKnownFileType = sourcecode.c.h; path = Desktop.h; sourceTree = "<group>"; };
		8321EBE119CCD0EE00035C92 /* Desktop.m */ = {isa = PBXFileReference; fileEncoding = 4; lastKnownFileType = sourcecode.c.objc; path = Desktop.m; sourceTree = "<group>"; };
		8321EBE319CCD6BE00035C92 /* computer.png */ = {isa = PBXFileReference; lastKnownFileType = image.png; path = computer.png; sourceTree = "<group>"; };
		8321EBE519D1C99100035C92 /* MainMenu.h */ = {isa = PBXFileReference; fileEncoding = 4; lastKnownFileType = sourcecode.c.h; path = MainMenu.h; sourceTree = "<group>"; };
		8321EBE619D1C99100035C92 /* MainMenu.m */ = {isa = PBXFileReference; fileEncoding = 4; lastKnownFileType = sourcecode.c.objc; path = MainMenu.m; sourceTree = "<group>"; };
		8321EBE819D2568C00035C92 /* rightDoor.png */ = {isa = PBXFileReference; lastKnownFileType = image.png; path = rightDoor.png; sourceTree = "<group>"; };
		8321EBE919D2568C00035C92 /* leftDoor.png */ = {isa = PBXFileReference; lastKnownFileType = image.png; path = leftDoor.png; sourceTree = "<group>"; };
		8327A41A19D2AECB00DDD558 /* MCManager.h */ = {isa = PBXFileReference; fileEncoding = 4; lastKnownFileType = sourcecode.c.h; path = MCManager.h; sourceTree = "<group>"; };
		8327A41B19D2AECB00DDD558 /* MCManager.m */ = {isa = PBXFileReference; fileEncoding = 4; lastKnownFileType = sourcecode.c.objc; path = MCManager.m; sourceTree = "<group>"; };
		8327A41D19D2BB2700DDD558 /* HostingScene.h */ = {isa = PBXFileReference; fileEncoding = 4; lastKnownFileType = sourcecode.c.h; path = HostingScene.h; sourceTree = "<group>"; };
		8327A41E19D2BB2700DDD558 /* HostingScene.m */ = {isa = PBXFileReference; fileEncoding = 4; lastKnownFileType = sourcecode.c.objc; path = HostingScene.m; sourceTree = "<group>"; };
		8327A42019D2BD6C00DDD558 /* NonHostScene.h */ = {isa = PBXFileReference; fileEncoding = 4; lastKnownFileType = sourcecode.c.h; path = NonHostScene.h; sourceTree = "<group>"; };
		8327A42119D2BD6C00DDD558 /* NonHostScene.m */ = {isa = PBXFileReference; fileEncoding = 4; lastKnownFileType = sourcecode.c.objc; path = NonHostScene.m; sourceTree = "<group>"; };
		8343A4D319D260520010F823 /* PeerLobbyViewController.h */ = {isa = PBXFileReference; fileEncoding = 4; lastKnownFileType = sourcecode.c.h; path = PeerLobbyViewController.h; sourceTree = "<group>"; };
		8343A4D419D260520010F823 /* PeerLobbyViewController.m */ = {isa = PBXFileReference; fileEncoding = 4; lastKnownFileType = sourcecode.c.objc; path = PeerLobbyViewController.m; sourceTree = "<group>"; };
		8343A4D619D262610010F823 /* MultipeerConnectivity.framework */ = {isa = PBXFileReference; lastKnownFileType = wrapper.framework; name = MultipeerConnectivity.framework; path = System/Library/Frameworks/MultipeerConnectivity.framework; sourceTree = SDKROOT; };
		835D035119CA191D00BCA3F0 /* Computer Lab Zombie Shooter.app */ = {isa = PBXFileReference; explicitFileType = wrapper.application; includeInIndex = 0; path = "Computer Lab Zombie Shooter.app"; sourceTree = BUILT_PRODUCTS_DIR; };
		835D035419CA191D00BCA3F0 /* Foundation.framework */ = {isa = PBXFileReference; lastKnownFileType = wrapper.framework; name = Foundation.framework; path = System/Library/Frameworks/Foundation.framework; sourceTree = SDKROOT; };
		835D035619CA191D00BCA3F0 /* CoreGraphics.framework */ = {isa = PBXFileReference; lastKnownFileType = wrapper.framework; name = CoreGraphics.framework; path = System/Library/Frameworks/CoreGraphics.framework; sourceTree = SDKROOT; };
		835D035819CA191D00BCA3F0 /* UIKit.framework */ = {isa = PBXFileReference; lastKnownFileType = wrapper.framework; name = UIKit.framework; path = System/Library/Frameworks/UIKit.framework; sourceTree = SDKROOT; };
		835D035A19CA191D00BCA3F0 /* SpriteKit.framework */ = {isa = PBXFileReference; lastKnownFileType = wrapper.framework; name = SpriteKit.framework; path = System/Library/Frameworks/SpriteKit.framework; sourceTree = SDKROOT; };
		835D035E19CA191D00BCA3F0 /* Computer Lab Zombie Shooter-Info.plist */ = {isa = PBXFileReference; lastKnownFileType = text.plist.xml; path = "Computer Lab Zombie Shooter-Info.plist"; sourceTree = "<group>"; };
		835D036019CA191D00BCA3F0 /* en */ = {isa = PBXFileReference; lastKnownFileType = text.plist.strings; name = en; path = en.lproj/InfoPlist.strings; sourceTree = "<group>"; };
		835D036219CA191D00BCA3F0 /* main.m */ = {isa = PBXFileReference; lastKnownFileType = sourcecode.c.objc; path = main.m; sourceTree = "<group>"; };
		835D036419CA191D00BCA3F0 /* Computer Lab Zombie Shooter-Prefix.pch */ = {isa = PBXFileReference; lastKnownFileType = sourcecode.c.h; path = "Computer Lab Zombie Shooter-Prefix.pch"; sourceTree = "<group>"; };
		835D036519CA191D00BCA3F0 /* AppDelegate.h */ = {isa = PBXFileReference; lastKnownFileType = sourcecode.c.h; path = AppDelegate.h; sourceTree = "<group>"; };
		835D036619CA191D00BCA3F0 /* AppDelegate.m */ = {isa = PBXFileReference; lastKnownFileType = sourcecode.c.objc; path = AppDelegate.m; sourceTree = "<group>"; };
		835D036919CA191D00BCA3F0 /* Base */ = {isa = PBXFileReference; lastKnownFileType = file.storyboard; name = Base; path = Base.lproj/Main.storyboard; sourceTree = "<group>"; };
		835D036B19CA191D00BCA3F0 /* ViewController.h */ = {isa = PBXFileReference; lastKnownFileType = sourcecode.c.h; path = ViewController.h; sourceTree = "<group>"; };
		835D036C19CA191D00BCA3F0 /* ViewController.m */ = {isa = PBXFileReference; lastKnownFileType = sourcecode.c.objc; path = ViewController.m; sourceTree = "<group>"; };
		835D036E19CA191D00BCA3F0 /* MyScene.h */ = {isa = PBXFileReference; lastKnownFileType = sourcecode.c.h; path = MyScene.h; sourceTree = "<group>"; };
		835D036F19CA191D00BCA3F0 /* MyScene.m */ = {isa = PBXFileReference; lastKnownFileType = sourcecode.c.objc; path = MyScene.m; sourceTree = "<group>"; };
		835D037119CA191D00BCA3F0 /* Spaceship.png */ = {isa = PBXFileReference; lastKnownFileType = image.png; path = Spaceship.png; sourceTree = "<group>"; };
		835D037319CA191D00BCA3F0 /* Images.xcassets */ = {isa = PBXFileReference; lastKnownFileType = folder.assetcatalog; path = Images.xcassets; sourceTree = "<group>"; };
		835D037919CA191D00BCA3F0 /* Computer Lab Zombie ShooterTests.xctest */ = {isa = PBXFileReference; explicitFileType = wrapper.cfbundle; includeInIndex = 0; path = "Computer Lab Zombie ShooterTests.xctest"; sourceTree = BUILT_PRODUCTS_DIR; };
		835D037A19CA191D00BCA3F0 /* XCTest.framework */ = {isa = PBXFileReference; lastKnownFileType = wrapper.framework; name = XCTest.framework; path = Library/Frameworks/XCTest.framework; sourceTree = DEVELOPER_DIR; };
		835D038219CA191D00BCA3F0 /* Computer Lab Zombie ShooterTests-Info.plist */ = {isa = PBXFileReference; lastKnownFileType = text.plist.xml; path = "Computer Lab Zombie ShooterTests-Info.plist"; sourceTree = "<group>"; };
		835D038419CA191D00BCA3F0 /* en */ = {isa = PBXFileReference; lastKnownFileType = text.plist.strings; name = en; path = en.lproj/InfoPlist.strings; sourceTree = "<group>"; };
		835D038619CA191D00BCA3F0 /* Computer_Lab_Zombie_ShooterTests.m */ = {isa = PBXFileReference; lastKnownFileType = sourcecode.c.objc; path = Computer_Lab_Zombie_ShooterTests.m; sourceTree = "<group>"; };
		835D039019CB4B9600BCA3F0 /* Player.h */ = {isa = PBXFileReference; fileEncoding = 4; lastKnownFileType = sourcecode.c.h; path = Player.h; sourceTree = "<group>"; };
		835D039119CB4B9600BCA3F0 /* Player.m */ = {isa = PBXFileReference; fileEncoding = 4; lastKnownFileType = sourcecode.c.objc; path = Player.m; sourceTree = "<group>"; };
		835D039319CB4C2100BCA3F0 /* blank_sprite.png */ = {isa = PBXFileReference; lastKnownFileType = image.png; path = blank_sprite.png; sourceTree = "<group>"; };
		835D039519CB997500BCA3F0 /* laser.png */ = {isa = PBXFileReference; lastKnownFileType = image.png; path = laser.png; sourceTree = "<group>"; };
		835D039719CB999500BCA3F0 /* laser.h */ = {isa = PBXFileReference; fileEncoding = 4; lastKnownFileType = sourcecode.c.h; path = laser.h; sourceTree = "<group>"; };
		835D039819CB999500BCA3F0 /* laser.m */ = {isa = PBXFileReference; fileEncoding = 4; lastKnownFileType = sourcecode.c.objc; path = laser.m; sourceTree = "<group>"; };
		835D039A19CBA0DC00BCA3F0 /* player_sprite.png */ = {isa = PBXFileReference; lastKnownFileType = image.png; path = player_sprite.png; sourceTree = "<group>"; };
		835D039C19CBA4EA00BCA3F0 /* floor.png */ = {isa = PBXFileReference; lastKnownFileType = image.png; path = floor.png; sourceTree = "<group>"; };
		835D039E19CBA66200BCA3F0 /* Zombie.h */ = {isa = PBXFileReference; fileEncoding = 4; lastKnownFileType = sourcecode.c.h; path = Zombie.h; sourceTree = "<group>"; };
		835D039F19CBA66200BCA3F0 /* Zombie.m */ = {isa = PBXFileReference; fileEncoding = 4; lastKnownFileType = sourcecode.c.objc; path = Zombie.m; sourceTree = "<group>"; };
		835D03A119CBA76B00BCA3F0 /* zombie_yellow_shirt.png */ = {isa = PBXFileReference; lastKnownFileType = image.png; path = zombie_yellow_shirt.png; sourceTree = "<group>"; };
		835D03A319CBA77200BCA3F0 /* zombie_red_shirt.png */ = {isa = PBXFileReference; lastKnownFileType = image.png; path = zombie_red_shirt.png; sourceTree = "<group>"; };
/* End PBXFileReference section */

/* Begin PBXFrameworksBuildPhase section */
		835D034E19CA191D00BCA3F0 /* Frameworks */ = {
			isa = PBXFrameworksBuildPhase;
			buildActionMask = 2147483647;
			files = (
				8343A4D719D262610010F823 /* MultipeerConnectivity.framework in Frameworks */,
				835D035719CA191D00BCA3F0 /* CoreGraphics.framework in Frameworks */,
				835D035919CA191D00BCA3F0 /* UIKit.framework in Frameworks */,
				835D035B19CA191D00BCA3F0 /* SpriteKit.framework in Frameworks */,
				835D035519CA191D00BCA3F0 /* Foundation.framework in Frameworks */,
			);
			runOnlyForDeploymentPostprocessing = 0;
		};
		835D037619CA191D00BCA3F0 /* Frameworks */ = {
			isa = PBXFrameworksBuildPhase;
			buildActionMask = 2147483647;
			files = (
				835D037B19CA191D00BCA3F0 /* XCTest.framework in Frameworks */,
				835D037D19CA191D00BCA3F0 /* UIKit.framework in Frameworks */,
				835D037C19CA191D00BCA3F0 /* Foundation.framework in Frameworks */,
			);
			runOnlyForDeploymentPostprocessing = 0;
		};
/* End PBXFrameworksBuildPhase section */

/* Begin PBXGroup section */
		835D034819CA191D00BCA3F0 = {
			isa = PBXGroup;
			children = (
				835D035C19CA191D00BCA3F0 /* Computer Lab Zombie Shooter */,
				835D038019CA191D00BCA3F0 /* Computer Lab Zombie ShooterTests */,
				835D035319CA191D00BCA3F0 /* Frameworks */,
				835D035219CA191D00BCA3F0 /* Products */,
			);
			sourceTree = "<group>";
		};
		835D035219CA191D00BCA3F0 /* Products */ = {
			isa = PBXGroup;
			children = (
				835D035119CA191D00BCA3F0 /* Computer Lab Zombie Shooter.app */,
				835D037919CA191D00BCA3F0 /* Computer Lab Zombie ShooterTests.xctest */,
			);
			name = Products;
			sourceTree = "<group>";
		};
		835D035319CA191D00BCA3F0 /* Frameworks */ = {
			isa = PBXGroup;
			children = (
				8343A4D619D262610010F823 /* MultipeerConnectivity.framework */,
				835D035419CA191D00BCA3F0 /* Foundation.framework */,
				835D035619CA191D00BCA3F0 /* CoreGraphics.framework */,
				835D035819CA191D00BCA3F0 /* UIKit.framework */,
				835D035A19CA191D00BCA3F0 /* SpriteKit.framework */,
				835D037A19CA191D00BCA3F0 /* XCTest.framework */,
			);
			name = Frameworks;
			sourceTree = "<group>";
		};
		835D035C19CA191D00BCA3F0 /* Computer Lab Zombie Shooter */ = {
			isa = PBXGroup;
			children = (
				8327A41A19D2AECB00DDD558 /* MCManager.h */,
				8327A41B19D2AECB00DDD558 /* MCManager.m */,
				835D036519CA191D00BCA3F0 /* AppDelegate.h */,
				835D036619CA191D00BCA3F0 /* AppDelegate.m */,
				835D036819CA191D00BCA3F0 /* Main.storyboard */,
				835D036B19CA191D00BCA3F0 /* ViewController.h */,
				835D036C19CA191D00BCA3F0 /* ViewController.m */,
				8327A41D19D2BB2700DDD558 /* HostingScene.h */,
				8327A41E19D2BB2700DDD558 /* HostingScene.m */,
				8327A42019D2BD6C00DDD558 /* NonHostScene.h */,
				8327A42119D2BD6C00DDD558 /* NonHostScene.m */,
				835D039519CB997500BCA3F0 /* laser.png */,
				835D039319CB4C2100BCA3F0 /* blank_sprite.png */,
				835D03A119CBA76B00BCA3F0 /* zombie_yellow_shirt.png */,
				835D03A319CBA77200BCA3F0 /* zombie_red_shirt.png */,
				8321EBDB19CCD0BC00035C92 /* desk.png */,
				835D039C19CBA4EA00BCA3F0 /* floor.png */,
				8321EBE519D1C99100035C92 /* MainMenu.h */,
				8321EBE619D1C99100035C92 /* MainMenu.m */,
				835D036E19CA191D00BCA3F0 /* MyScene.h */,
				835D036F19CA191D00BCA3F0 /* MyScene.m */,
				8343A4D319D260520010F823 /* PeerLobbyViewController.h */,
				8343A4D419D260520010F823 /* PeerLobbyViewController.m */,
				835D039019CB4B9600BCA3F0 /* Player.h */,
				835D039119CB4B9600BCA3F0 /* Player.m */,
				835D039719CB999500BCA3F0 /* laser.h */,
				835D039819CB999500BCA3F0 /* laser.m */,
				835D039E19CBA66200BCA3F0 /* Zombie.h */,
				835D039F19CBA66200BCA3F0 /* Zombie.m */,
				8321EBDD19CCD0D600035C92 /* Desk.h */,
				8321EBDE19CCD0D600035C92 /* Desk.m */,
				8321EBE019CCD0EE00035C92 /* Desktop.h */,
				8321EBE119CCD0EE00035C92 /* Desktop.m */,
				8321EBE819D2568C00035C92 /* rightDoor.png */,
				8321EBE919D2568C00035C92 /* leftDoor.png */,
				8321EBE319CCD6BE00035C92 /* computer.png */,
				835D039A19CBA0DC00BCA3F0 /* player_sprite.png */,
				835D037119CA191D00BCA3F0 /* Spaceship.png */,
				835D037319CA191D00BCA3F0 /* Images.xcassets */,
				835D035D19CA191D00BCA3F0 /* Supporting Files */,
			);
			path = "Computer Lab Zombie Shooter";
			sourceTree = "<group>";
		};
		835D035D19CA191D00BCA3F0 /* Supporting Files */ = {
			isa = PBXGroup;
			children = (
				835D035E19CA191D00BCA3F0 /* Computer Lab Zombie Shooter-Info.plist */,
				835D035F19CA191D00BCA3F0 /* InfoPlist.strings */,
				835D036219CA191D00BCA3F0 /* main.m */,
				835D036419CA191D00BCA3F0 /* Computer Lab Zombie Shooter-Prefix.pch */,
			);
			name = "Supporting Files";
			sourceTree = "<group>";
		};
		835D038019CA191D00BCA3F0 /* Computer Lab Zombie ShooterTests */ = {
			isa = PBXGroup;
			children = (
				835D038619CA191D00BCA3F0 /* Computer_Lab_Zombie_ShooterTests.m */,
				835D038119CA191D00BCA3F0 /* Supporting Files */,
			);
			path = "Computer Lab Zombie ShooterTests";
			sourceTree = "<group>";
		};
		835D038119CA191D00BCA3F0 /* Supporting Files */ = {
			isa = PBXGroup;
			children = (
				835D038219CA191D00BCA3F0 /* Computer Lab Zombie ShooterTests-Info.plist */,
				835D038319CA191D00BCA3F0 /* InfoPlist.strings */,
			);
			name = "Supporting Files";
			sourceTree = "<group>";
		};
/* End PBXGroup section */

/* Begin PBXNativeTarget section */
		835D035019CA191D00BCA3F0 /* Computer Lab Zombie Shooter */ = {
			isa = PBXNativeTarget;
			buildConfigurationList = 835D038A19CA191D00BCA3F0 /* Build configuration list for PBXNativeTarget "Computer Lab Zombie Shooter" */;
			buildPhases = (
				835D034D19CA191D00BCA3F0 /* Sources */,
				835D034E19CA191D00BCA3F0 /* Frameworks */,
				835D034F19CA191D00BCA3F0 /* Resources */,
			);
			buildRules = (
			);
			dependencies = (
			);
			name = "Computer Lab Zombie Shooter";
			productName = "Computer Lab Zombie Shooter";
			productReference = 835D035119CA191D00BCA3F0 /* Computer Lab Zombie Shooter.app */;
			productType = "com.apple.product-type.application";
		};
		835D037819CA191D00BCA3F0 /* Computer Lab Zombie ShooterTests */ = {
			isa = PBXNativeTarget;
			buildConfigurationList = 835D038D19CA191D00BCA3F0 /* Build configuration list for PBXNativeTarget "Computer Lab Zombie ShooterTests" */;
			buildPhases = (
				835D037519CA191D00BCA3F0 /* Sources */,
				835D037619CA191D00BCA3F0 /* Frameworks */,
				835D037719CA191D00BCA3F0 /* Resources */,
			);
			buildRules = (
			);
			dependencies = (
				835D037F19CA191D00BCA3F0 /* PBXTargetDependency */,
			);
			name = "Computer Lab Zombie ShooterTests";
			productName = "Computer Lab Zombie ShooterTests";
			productReference = 835D037919CA191D00BCA3F0 /* Computer Lab Zombie ShooterTests.xctest */;
			productType = "com.apple.product-type.bundle.unit-test";
		};
/* End PBXNativeTarget section */

/* Begin PBXProject section */
		835D034919CA191D00BCA3F0 /* Project object */ = {
			isa = PBXProject;
			attributes = {
				LastUpgradeCheck = 0510;
				ORGANIZATIONNAME = "Chris Mays";
				TargetAttributes = {
					835D035019CA191D00BCA3F0 = {
						DevelopmentTeam = NG9QU5D84A;
					};
					835D037819CA191D00BCA3F0 = {
						TestTargetID = 835D035019CA191D00BCA3F0;
					};
				};
			};
			buildConfigurationList = 835D034C19CA191D00BCA3F0 /* Build configuration list for PBXProject "Computer Lab Zombie Shooter" */;
			compatibilityVersion = "Xcode 3.2";
			developmentRegion = English;
			hasScannedForEncodings = 0;
			knownRegions = (
				en,
				Base,
			);
			mainGroup = 835D034819CA191D00BCA3F0;
			productRefGroup = 835D035219CA191D00BCA3F0 /* Products */;
			projectDirPath = "";
			projectRoot = "";
			targets = (
				835D035019CA191D00BCA3F0 /* Computer Lab Zombie Shooter */,
				835D037819CA191D00BCA3F0 /* Computer Lab Zombie ShooterTests */,
			);
		};
/* End PBXProject section */

/* Begin PBXResourcesBuildPhase section */
		835D034F19CA191D00BCA3F0 /* Resources */ = {
			isa = PBXResourcesBuildPhase;
			buildActionMask = 2147483647;
			files = (
				835D03A419CBA77200BCA3F0 /* zombie_red_shirt.png in Resources */,
				835D039419CB4C2100BCA3F0 /* blank_sprite.png in Resources */,
				8321EBE419CCD6BE00035C92 /* computer.png in Resources */,
				835D036119CA191D00BCA3F0 /* InfoPlist.strings in Resources */,
				835D037419CA191D00BCA3F0 /* Images.xcassets in Resources */,
				835D039B19CBA0DC00BCA3F0 /* player_sprite.png in Resources */,
				835D037219CA191D00BCA3F0 /* Spaceship.png in Resources */,
				8321EBDC19CCD0BD00035C92 /* desk.png in Resources */,
				8321EBEB19D2568C00035C92 /* leftDoor.png in Resources */,
				835D036A19CA191D00BCA3F0 /* Main.storyboard in Resources */,
				835D03A219CBA76B00BCA3F0 /* zombie_yellow_shirt.png in Resources */,
				8321EBEA19D2568C00035C92 /* rightDoor.png in Resources */,
				835D039D19CBA4EA00BCA3F0 /* floor.png in Resources */,
				835D039619CB997500BCA3F0 /* laser.png in Resources */,
			);
			runOnlyForDeploymentPostprocessing = 0;
		};
		835D037719CA191D00BCA3F0 /* Resources */ = {
			isa = PBXResourcesBuildPhase;
			buildActionMask = 2147483647;
			files = (
				835D038519CA191D00BCA3F0 /* InfoPlist.strings in Resources */,
			);
			runOnlyForDeploymentPostprocessing = 0;
		};
/* End PBXResourcesBuildPhase section */

/* Begin PBXSourcesBuildPhase section */
		835D034D19CA191D00BCA3F0 /* Sources */ = {
			isa = PBXSourcesBuildPhase;
			buildActionMask = 2147483647;
			files = (
				8321EBDF19CCD0D600035C92 /* Desk.m in Sources */,
				8327A41C19D2AECB00DDD558 /* MCManager.m in Sources */,
				8327A42219D2BD6C00DDD558 /* NonHostScene.m in Sources */,
				835D03A019CBA66200BCA3F0 /* Zombie.m in Sources */,
				835D037019CA191D00BCA3F0 /* MyScene.m in Sources */,
				835D036D19CA191D00BCA3F0 /* ViewController.m in Sources */,
				835D036719CA191D00BCA3F0 /* AppDelegate.m in Sources */,
				8343A4D519D260520010F823 /* PeerLobbyViewController.m in Sources */,
				8321EBE719D1C99100035C92 /* MainMenu.m in Sources */,
				8321EBE219CCD0EE00035C92 /* Desktop.m in Sources */,
				835D039919CB999500BCA3F0 /* laser.m in Sources */,
				8327A41F19D2BB2700DDD558 /* HostingScene.m in Sources */,
				835D036319CA191D00BCA3F0 /* main.m in Sources */,
				835D039219CB4B9600BCA3F0 /* Player.m in Sources */,
			);
			runOnlyForDeploymentPostprocessing = 0;
		};
		835D037519CA191D00BCA3F0 /* Sources */ = {
			isa = PBXSourcesBuildPhase;
			buildActionMask = 2147483647;
			files = (
				835D038719CA191D00BCA3F0 /* Computer_Lab_Zombie_ShooterTests.m in Sources */,
			);
			runOnlyForDeploymentPostprocessing = 0;
		};
/* End PBXSourcesBuildPhase section */

/* Begin PBXTargetDependency section */
		835D037F19CA191D00BCA3F0 /* PBXTargetDependency */ = {
			isa = PBXTargetDependency;
			target = 835D035019CA191D00BCA3F0 /* Computer Lab Zombie Shooter */;
			targetProxy = 835D037E19CA191D00BCA3F0 /* PBXContainerItemProxy */;
		};
/* End PBXTargetDependency section */

/* Begin PBXVariantGroup section */
		835D035F19CA191D00BCA3F0 /* InfoPlist.strings */ = {
			isa = PBXVariantGroup;
			children = (
				835D036019CA191D00BCA3F0 /* en */,
			);
			name = InfoPlist.strings;
			sourceTree = "<group>";
		};
		835D036819CA191D00BCA3F0 /* Main.storyboard */ = {
			isa = PBXVariantGroup;
			children = (
				835D036919CA191D00BCA3F0 /* Base */,
			);
			name = Main.storyboard;
			sourceTree = "<group>";
		};
		835D038319CA191D00BCA3F0 /* InfoPlist.strings */ = {
			isa = PBXVariantGroup;
			children = (
				835D038419CA191D00BCA3F0 /* en */,
			);
			name = InfoPlist.strings;
			sourceTree = "<group>";
		};
/* End PBXVariantGroup section */

/* Begin XCBuildConfiguration section */
		835D038819CA191D00BCA3F0 /* Debug */ = {
			isa = XCBuildConfiguration;
			buildSettings = {
				ALWAYS_SEARCH_USER_PATHS = NO;
				CLANG_CXX_LANGUAGE_STANDARD = "gnu++0x";
				CLANG_CXX_LIBRARY = "libc++";
				CLANG_ENABLE_MODULES = YES;
				CLANG_ENABLE_OBJC_ARC = YES;
				CLANG_WARN_BOOL_CONVERSION = YES;
				CLANG_WARN_CONSTANT_CONVERSION = YES;
				CLANG_WARN_DIRECT_OBJC_ISA_USAGE = YES_ERROR;
				CLANG_WARN_EMPTY_BODY = YES;
				CLANG_WARN_ENUM_CONVERSION = YES;
				CLANG_WARN_INT_CONVERSION = YES;
				CLANG_WARN_OBJC_ROOT_CLASS = YES_ERROR;
				CLANG_WARN__DUPLICATE_METHOD_MATCH = YES;
				"CODE_SIGN_IDENTITY[sdk=iphoneos*]" = "iPhone Developer";
				COPY_PHASE_STRIP = NO;
				GCC_C_LANGUAGE_STANDARD = gnu99;
				GCC_DYNAMIC_NO_PIC = NO;
				GCC_OPTIMIZATION_LEVEL = 0;
				GCC_PREPROCESSOR_DEFINITIONS = (
					"DEBUG=1",
					"$(inherited)",
				);
				GCC_SYMBOLS_PRIVATE_EXTERN = NO;
				GCC_WARN_64_TO_32_BIT_CONVERSION = YES;
				GCC_WARN_ABOUT_RETURN_TYPE = YES_ERROR;
				GCC_WARN_UNDECLARED_SELECTOR = YES;
				GCC_WARN_UNINITIALIZED_AUTOS = YES_AGGRESSIVE;
				GCC_WARN_UNUSED_FUNCTION = YES;
				GCC_WARN_UNUSED_VARIABLE = YES;
				IPHONEOS_DEPLOYMENT_TARGET = 7.0;
				ONLY_ACTIVE_ARCH = YES;
				SDKROOT = iphoneos;
				TARGETED_DEVICE_FAMILY = 2;
			};
			name = Debug;
		};
		835D038919CA191D00BCA3F0 /* Release */ = {
			isa = XCBuildConfiguration;
			buildSettings = {
				ALWAYS_SEARCH_USER_PATHS = NO;
				CLANG_CXX_LANGUAGE_STANDARD = "gnu++0x";
				CLANG_CXX_LIBRARY = "libc++";
				CLANG_ENABLE_MODULES = YES;
				CLANG_ENABLE_OBJC_ARC = YES;
				CLANG_WARN_BOOL_CONVERSION = YES;
				CLANG_WARN_CONSTANT_CONVERSION = YES;
				CLANG_WARN_DIRECT_OBJC_ISA_USAGE = YES_ERROR;
				CLANG_WARN_EMPTY_BODY = YES;
				CLANG_WARN_ENUM_CONVERSION = YES;
				CLANG_WARN_INT_CONVERSION = YES;
				CLANG_WARN_OBJC_ROOT_CLASS = YES_ERROR;
				CLANG_WARN__DUPLICATE_METHOD_MATCH = YES;
				"CODE_SIGN_IDENTITY[sdk=iphoneos*]" = "iPhone Developer";
				COPY_PHASE_STRIP = YES;
				ENABLE_NS_ASSERTIONS = NO;
				GCC_C_LANGUAGE_STANDARD = gnu99;
				GCC_WARN_64_TO_32_BIT_CONVERSION = YES;
				GCC_WARN_ABOUT_RETURN_TYPE = YES_ERROR;
				GCC_WARN_UNDECLARED_SELECTOR = YES;
				GCC_WARN_UNINITIALIZED_AUTOS = YES_AGGRESSIVE;
				GCC_WARN_UNUSED_FUNCTION = YES;
				GCC_WARN_UNUSED_VARIABLE = YES;
				IPHONEOS_DEPLOYMENT_TARGET = 7.0;
				SDKROOT = iphoneos;
				TARGETED_DEVICE_FAMILY = 2;
				VALIDATE_PRODUCT = YES;
			};
			name = Release;
		};
		835D038B19CA191D00BCA3F0 /* Debug */ = {
			isa = XCBuildConfiguration;
			buildSettings = {
				ASSETCATALOG_COMPILER_APPICON_NAME = AppIcon;
				ASSETCATALOG_COMPILER_LAUNCHIMAGE_NAME = LaunchImage;
				CODE_SIGN_IDENTITY = "iPhone Developer";
				"CODE_SIGN_IDENTITY[sdk=iphoneos*]" = "iPhone Developer";
				GCC_PRECOMPILE_PREFIX_HEADER = YES;
				GCC_PREFIX_HEADER = "Computer Lab Zombie Shooter/Computer Lab Zombie Shooter-Prefix.pch";
				INFOPLIST_FILE = "Computer Lab Zombie Shooter/Computer Lab Zombie Shooter-Info.plist";
				IPHONEOS_DEPLOYMENT_TARGET = 7.0;
				PRODUCT_NAME = "$(TARGET_NAME)";
				PROVISIONING_PROFILE = "";
				SPRITEKIT_TEXTURE_ATLAS_OUTPUT = YES;
				TARGETED_DEVICE_FAMILY = "1,2";
				WRAPPER_EXTENSION = app;
			};
			name = Debug;
		};
		835D038C19CA191D00BCA3F0 /* Release */ = {
			isa = XCBuildConfiguration;
			buildSettings = {
				ASSETCATALOG_COMPILER_APPICON_NAME = AppIcon;
				ASSETCATALOG_COMPILER_LAUNCHIMAGE_NAME = LaunchImage;
				CODE_SIGN_IDENTITY = "iPhone Developer";
				"CODE_SIGN_IDENTITY[sdk=iphoneos*]" = "iPhone Developer";
				GCC_PRECOMPILE_PREFIX_HEADER = YES;
				GCC_PREFIX_HEADER = "Computer Lab Zombie Shooter/Computer Lab Zombie Shooter-Prefix.pch";
				INFOPLIST_FILE = "Computer Lab Zombie Shooter/Computer Lab Zombie Shooter-Info.plist";
				IPHONEOS_DEPLOYMENT_TARGET = 7.0;
				PRODUCT_NAME = "$(TARGET_NAME)";
				PROVISIONING_PROFILE = "";
				SPRITEKIT_TEXTURE_ATLAS_OUTPUT = YES;
				TARGETED_DEVICE_FAMILY = "1,2";
				WRAPPER_EXTENSION = app;
			};
			name = Release;
		};
		835D038E19CA191D00BCA3F0 /* Debug */ = {
			isa = XCBuildConfiguration;
			buildSettings = {
				BUNDLE_LOADER = "$(BUILT_PRODUCTS_DIR)/Computer Lab Zombie Shooter.app/Computer Lab Zombie Shooter";
				FRAMEWORK_SEARCH_PATHS = (
					"$(SDKROOT)/Developer/Library/Frameworks",
					"$(inherited)",
					"$(DEVELOPER_FRAMEWORKS_DIR)",
				);
				GCC_PRECOMPILE_PREFIX_HEADER = YES;
				GCC_PREFIX_HEADER = "Computer Lab Zombie Shooter/Computer Lab Zombie Shooter-Prefix.pch";
				GCC_PREPROCESSOR_DEFINITIONS = (
					"DEBUG=1",
					"$(inherited)",
				);
				INFOPLIST_FILE = "Computer Lab Zombie ShooterTests/Computer Lab Zombie ShooterTests-Info.plist";
				PRODUCT_NAME = "$(TARGET_NAME)";
				TEST_HOST = "$(BUNDLE_LOADER)";
				WRAPPER_EXTENSION = xctest;
			};
			name = Debug;
		};
		835D038F19CA191D00BCA3F0 /* Release */ = {
			isa = XCBuildConfiguration;
			buildSettings = {
				BUNDLE_LOADER = "$(BUILT_PRODUCTS_DIR)/Computer Lab Zombie Shooter.app/Computer Lab Zombie Shooter";
				FRAMEWORK_SEARCH_PATHS = (
					"$(SDKROOT)/Developer/Library/Frameworks",
					"$(inherited)",
					"$(DEVELOPER_FRAMEWORKS_DIR)",
				);
				GCC_PRECOMPILE_PREFIX_HEADER = YES;
				GCC_PREFIX_HEADER = "Computer Lab Zombie Shooter/Computer Lab Zombie Shooter-Prefix.pch";
				INFOPLIST_FILE = "Computer Lab Zombie ShooterTests/Computer Lab Zombie ShooterTests-Info.plist";
				PRODUCT_NAME = "$(TARGET_NAME)";
				TEST_HOST = "$(BUNDLE_LOADER)";
				WRAPPER_EXTENSION = xctest;
			};
			name = Release;
		};
/* End XCBuildConfiguration section */

/* Begin XCConfigurationList section */
		835D034C19CA191D00BCA3F0 /* Build configuration list for PBXProject "Computer Lab Zombie Shooter" */ = {
			isa = XCConfigurationList;
			buildConfigurations = (
				835D038819CA191D00BCA3F0 /* Debug */,
				835D038919CA191D00BCA3F0 /* Release */,
			);
			defaultConfigurationIsVisible = 0;
			defaultConfigurationName = Release;
		};
		835D038A19CA191D00BCA3F0 /* Build configuration list for PBXNativeTarget "Computer Lab Zombie Shooter" */ = {
			isa = XCConfigurationList;
			buildConfigurations = (
				835D038B19CA191D00BCA3F0 /* Debug */,
				835D038C19CA191D00BCA3F0 /* Release */,
			);
			defaultConfigurationIsVisible = 0;
			defaultConfigurationName = Release;
		};
		835D038D19CA191D00BCA3F0 /* Build configuration list for PBXNativeTarget "Computer Lab Zombie ShooterTests" */ = {
			isa = XCConfigurationList;
			buildConfigurations = (
				835D038E19CA191D00BCA3F0 /* Debug */,
				835D038F19CA191D00BCA3F0 /* Release */,
			);
			defaultConfigurationIsVisible = 0;
			defaultConfigurationName = Release;
		};
/* End XCConfigurationList section */
	};
	rootObject = 835D034919CA191D00BCA3F0 /* Project object */;
}
